
Microsoft Visual Studio Solution File, Format Version 12.00
# Visual Studio 15
VisualStudioVersion = 15.0.27703.2035
MinimumVisualStudioVersion = 10.0.40219.1
Project("{FAE04EC0-301F-11D3-BF4B-00C04F79EFBC}") = "ToDoNowWeb", "ToDoNowWeb\ToDoNowWeb.csproj", "{5CF9E1CB-02A0-44F9-B57F-8CF6096C075E}"
EndProject
Global
	GlobalSection(SolutionConfigurationPlatforms) = preSolution
		Debug|Any CPU = Debug|Any CPU
		Release|Any CPU = Release|Any CPU
	EndGlobalSection
	GlobalSection(ProjectConfigurationPlatforms) = postSolution
		{5CF9E1CB-02A0-44F9-B57F-8CF6096C075E}.Debug|Any CPU.ActiveCfg = Debug|Any CPU
		{5CF9E1CB-02A0-44F9-B57F-8CF6096C075E}.Debug|Any CPU.Build.0 = Debug|Any CPU
		{5CF9E1CB-02A0-44F9-B57F-8CF6096C075E}.Release|Any CPU.ActiveCfg = Release|Any CPU
		{5CF9E1CB-02A0-44F9-B57F-8CF6096C075E}.Release|Any CPU.Build.0 = Release|Any CPU
	EndGlobalSection
	GlobalSection(SolutionProperties) = preSolution
		HideSolutionNode = FALSE
	EndGlobalSection
	GlobalSection(ExtensibilityGlobals) = postSolution
		SolutionGuid = {400CDD40-DE29-4017-A4CA-EC9834FC6FEF}
	EndGlobalSection
EndGlobal
